
Microsoft Visual Studio Solution File, Format Version 12.00
# Visual Studio Version 17
VisualStudioVersion = 17.11.35312.102
MinimumVisualStudioVersion = 10.0.40219.1
Project("{FAE04EC0-301F-11D3-BF4B-00C04F79EFBC}") = "Pong", "Pong\Pong.csproj", "{9684642E-7E3D-46E1-9A22-9BBB4892FF4D}"
EndProject
Global
	GlobalSection(SolutionConfigurationPlatforms) = preSolution
		Debug|Any CPU = Debug|Any CPU
		Release|Any CPU = Release|Any CPU
	EndGlobalSection
	GlobalSection(ProjectConfigurationPlatforms) = postSolution
		{9684642E-7E3D-46E1-9A22-9BBB4892FF4D}.Debug|Any CPU.ActiveCfg = Debug|Any CPU
		{9684642E-7E3D-46E1-9A22-9BBB4892FF4D}.Debug|Any CPU.Build.0 = Debug|Any CPU
		{9684642E-7E3D-46E1-9A22-9BBB4892FF4D}.Release|Any CPU.ActiveCfg = Release|Any CPU
		{9684642E-7E3D-46E1-9A22-9BBB4892FF4D}.Release|Any CPU.Build.0 = Release|Any CPU
	EndGlobalSection
	GlobalSection(SolutionProperties) = preSolution
		HideSolutionNode = FALSE
	EndGlobalSection
	GlobalSection(ExtensibilityGlobals) = postSolution
		SolutionGuid = {C4A7A856-5814-4EEF-93B1-AE4F0E0D5028}
	EndGlobalSection
EndGlobal
